// !$*UTF8*$!
{
	archiveVersion = 1;
	classes = {
	};
	objectVersion = 51;
	objects = {

/* Begin PBXBuildFile section */
		23FF8AEB7D36FEDAEE26529D /* Pods_TextureVOUI_TextureVOUIUITests.framework in Frameworks */ = {isa = PBXBuildFile; fileRef = 0FFC37D9B6963553F1467625 /* Pods_TextureVOUI_TextureVOUIUITests.framework */; };
		6EC8C73C2FDB520A8B6A33BC /* Pods_TextureVOUI.framework in Frameworks */ = {isa = PBXBuildFile; fileRef = C757464E59701BD85B5E9162 /* Pods_TextureVOUI.framework */; };
		99AEEAB9000E31568945BD76 /* Pods_TextureVOUITests.framework in Frameworks */ = {isa = PBXBuildFile; fileRef = 6E01831D4EB9F64D525C9C53 /* Pods_TextureVOUITests.framework */; };
		E5E1483026EF12F000056475 /* AppDelegate.swift in Sources */ = {isa = PBXBuildFile; fileRef = E5E1482F26EF12F000056475 /* AppDelegate.swift */; };
		E5E1483226EF12F000056475 /* SceneDelegate.swift in Sources */ = {isa = PBXBuildFile; fileRef = E5E1483126EF12F000056475 /* SceneDelegate.swift */; };
		E5E1483426EF12F000056475 /* RouteVC.swift in Sources */ = {isa = PBXBuildFile; fileRef = E5E1483326EF12F000056475 /* RouteVC.swift */; };
		E5E1483926EF12F200056475 /* Assets.xcassets in Resources */ = {isa = PBXBuildFile; fileRef = E5E1483826EF12F200056475 /* Assets.xcassets */; };
		E5E1483C26EF12F200056475 /* LaunchScreen.storyboard in Resources */ = {isa = PBXBuildFile; fileRef = E5E1483A26EF12F200056475 /* LaunchScreen.storyboard */; };
		E5E1484726EF12F200056475 /* TextureVOUITests.swift in Sources */ = {isa = PBXBuildFile; fileRef = E5E1484626EF12F200056475 /* TextureVOUITests.swift */; };
		E5E1485226EF12F200056475 /* TextureVOUIUITests.swift in Sources */ = {isa = PBXBuildFile; fileRef = E5E1485126EF12F200056475 /* TextureVOUIUITests.swift */; };
		E5E1487F26EF2D3800056475 /* IsAccessibilityElementVC.swift in Sources */ = {isa = PBXBuildFile; fileRef = E5E1487E26EF2D3800056475 /* IsAccessibilityElementVC.swift */; };
		E5E1488426EF2E0200056475 /* TooNestedVC.swift in Sources */ = {isa = PBXBuildFile; fileRef = E5E1488326EF2E0200056475 /* TooNestedVC.swift */; };
		E5E1488926EF2E0C00056475 /* ControlNodeVC.swift in Sources */ = {isa = PBXBuildFile; fileRef = E5E1488826EF2E0C00056475 /* ControlNodeVC.swift */; };
/* End PBXBuildFile section */

/* Begin PBXContainerItemProxy section */
		E5E1484326EF12F200056475 /* PBXContainerItemProxy */ = {
			isa = PBXContainerItemProxy;
			containerPortal = E5E1482426EF12F000056475 /* Project object */;
			proxyType = 1;
			remoteGlobalIDString = E5E1482B26EF12F000056475;
			remoteInfo = TextureVOUI;
		};
		E5E1484E26EF12F200056475 /* PBXContainerItemProxy */ = {
			isa = PBXContainerItemProxy;
			containerPortal = E5E1482426EF12F000056475 /* Project object */;
			proxyType = 1;
			remoteGlobalIDString = E5E1482B26EF12F000056475;
			remoteInfo = TextureVOUI;
		};
/* End PBXContainerItemProxy section */

/* Begin PBXFileReference section */
		0FFC37D9B6963553F1467625 /* Pods_TextureVOUI_TextureVOUIUITests.framework */ = {isa = PBXFileReference; explicitFileType = wrapper.framework; includeInIndex = 0; path = Pods_TextureVOUI_TextureVOUIUITests.framework; sourceTree = BUILT_PRODUCTS_DIR; };
		6E01831D4EB9F64D525C9C53 /* Pods_TextureVOUITests.framework */ = {isa = PBXFileReference; explicitFileType = wrapper.framework; includeInIndex = 0; path = Pods_TextureVOUITests.framework; sourceTree = BUILT_PRODUCTS_DIR; };
		797B6ED780A0AD5400238063 /* Pods-TextureVOUITests.debug.xcconfig */ = {isa = PBXFileReference; includeInIndex = 1; lastKnownFileType = text.xcconfig; name = "Pods-TextureVOUITests.debug.xcconfig"; path = "Target Support Files/Pods-TextureVOUITests/Pods-TextureVOUITests.debug.xcconfig"; sourceTree = "<group>"; };
		90ACBB9AB6AC129260717D47 /* Pods-TextureVOUI.debug.xcconfig */ = {isa = PBXFileReference; includeInIndex = 1; lastKnownFileType = text.xcconfig; name = "Pods-TextureVOUI.debug.xcconfig"; path = "Target Support Files/Pods-TextureVOUI/Pods-TextureVOUI.debug.xcconfig"; sourceTree = "<group>"; };
		98A1B4C62DA3CA0DE17D25FB /* Pods-TextureVOUITests.release.xcconfig */ = {isa = PBXFileReference; includeInIndex = 1; lastKnownFileType = text.xcconfig; name = "Pods-TextureVOUITests.release.xcconfig"; path = "Target Support Files/Pods-TextureVOUITests/Pods-TextureVOUITests.release.xcconfig"; sourceTree = "<group>"; };
		AC20AACD88606D99EEB1904B /* Pods-TextureVOUI.release.xcconfig */ = {isa = PBXFileReference; includeInIndex = 1; lastKnownFileType = text.xcconfig; name = "Pods-TextureVOUI.release.xcconfig"; path = "Target Support Files/Pods-TextureVOUI/Pods-TextureVOUI.release.xcconfig"; sourceTree = "<group>"; };
		C757464E59701BD85B5E9162 /* Pods_TextureVOUI.framework */ = {isa = PBXFileReference; explicitFileType = wrapper.framework; includeInIndex = 0; path = Pods_TextureVOUI.framework; sourceTree = BUILT_PRODUCTS_DIR; };
		DB87281356DA3F88892A7693 /* Pods-TextureVOUI-TextureVOUIUITests.release.xcconfig */ = {isa = PBXFileReference; includeInIndex = 1; lastKnownFileType = text.xcconfig; name = "Pods-TextureVOUI-TextureVOUIUITests.release.xcconfig"; path = "Target Support Files/Pods-TextureVOUI-TextureVOUIUITests/Pods-TextureVOUI-TextureVOUIUITests.release.xcconfig"; sourceTree = "<group>"; };
		E5E1482C26EF12F000056475 /* TextureVOUI.app */ = {isa = PBXFileReference; explicitFileType = wrapper.application; includeInIndex = 0; path = TextureVOUI.app; sourceTree = BUILT_PRODUCTS_DIR; };
		E5E1482F26EF12F000056475 /* AppDelegate.swift */ = {isa = PBXFileReference; lastKnownFileType = sourcecode.swift; path = AppDelegate.swift; sourceTree = "<group>"; };
		E5E1483126EF12F000056475 /* SceneDelegate.swift */ = {isa = PBXFileReference; lastKnownFileType = sourcecode.swift; path = SceneDelegate.swift; sourceTree = "<group>"; };
		E5E1483326EF12F000056475 /* RouteVC.swift */ = {isa = PBXFileReference; lastKnownFileType = sourcecode.swift; path = RouteVC.swift; sourceTree = "<group>"; };
		E5E1483826EF12F200056475 /* Assets.xcassets */ = {isa = PBXFileReference; lastKnownFileType = folder.assetcatalog; path = Assets.xcassets; sourceTree = "<group>"; };
		E5E1483B26EF12F200056475 /* Base */ = {isa = PBXFileReference; lastKnownFileType = file.storyboard; name = Base; path = Base.lproj/LaunchScreen.storyboard; sourceTree = "<group>"; };
		E5E1483D26EF12F200056475 /* Info.plist */ = {isa = PBXFileReference; lastKnownFileType = text.plist.xml; path = Info.plist; sourceTree = "<group>"; };
		E5E1484226EF12F200056475 /* TextureVOUITests.xctest */ = {isa = PBXFileReference; explicitFileType = wrapper.cfbundle; includeInIndex = 0; path = TextureVOUITests.xctest; sourceTree = BUILT_PRODUCTS_DIR; };
		E5E1484626EF12F200056475 /* TextureVOUITests.swift */ = {isa = PBXFileReference; lastKnownFileType = sourcecode.swift; path = TextureVOUITests.swift; sourceTree = "<group>"; };
		E5E1484826EF12F200056475 /* Info.plist */ = {isa = PBXFileReference; lastKnownFileType = text.plist.xml; path = Info.plist; sourceTree = "<group>"; };
		E5E1484D26EF12F200056475 /* TextureVOUIUITests.xctest */ = {isa = PBXFileReference; explicitFileType = wrapper.cfbundle; includeInIndex = 0; path = TextureVOUIUITests.xctest; sourceTree = BUILT_PRODUCTS_DIR; };
		E5E1485126EF12F200056475 /* TextureVOUIUITests.swift */ = {isa = PBXFileReference; lastKnownFileType = sourcecode.swift; path = TextureVOUIUITests.swift; sourceTree = "<group>"; };
		E5E1485326EF12F200056475 /* Info.plist */ = {isa = PBXFileReference; lastKnownFileType = text.plist.xml; path = Info.plist; sourceTree = "<group>"; };
		E5E1487E26EF2D3800056475 /* IsAccessibilityElementVC.swift */ = {isa = PBXFileReference; lastKnownFileType = sourcecode.swift; path = IsAccessibilityElementVC.swift; sourceTree = "<group>"; };
		E5E1488326EF2E0200056475 /* TooNestedVC.swift */ = {isa = PBXFileReference; lastKnownFileType = sourcecode.swift; path = TooNestedVC.swift; sourceTree = "<group>"; };
		E5E1488826EF2E0C00056475 /* ControlNodeVC.swift */ = {isa = PBXFileReference; lastKnownFileType = sourcecode.swift; path = ControlNodeVC.swift; sourceTree = "<group>"; };
		EB5E3E9C783E12C97D991B84 /* Pods-TextureVOUI-TextureVOUIUITests.debug.xcconfig */ = {isa = PBXFileReference; includeInIndex = 1; lastKnownFileType = text.xcconfig; name = "Pods-TextureVOUI-TextureVOUIUITests.debug.xcconfig"; path = "Target Support Files/Pods-TextureVOUI-TextureVOUIUITests/Pods-TextureVOUI-TextureVOUIUITests.debug.xcconfig"; sourceTree = "<group>"; };
/* End PBXFileReference section */

/* Begin PBXFrameworksBuildPhase section */
		E5E1482926EF12F000056475 /* Frameworks */ = {
			isa = PBXFrameworksBuildPhase;
			buildActionMask = 2147483647;
			files = (
				6EC8C73C2FDB520A8B6A33BC /* Pods_TextureVOUI.framework in Frameworks */,
			);
			runOnlyForDeploymentPostprocessing = 0;
		};
		E5E1483F26EF12F200056475 /* Frameworks */ = {
			isa = PBXFrameworksBuildPhase;
			buildActionMask = 2147483647;
			files = (
				99AEEAB9000E31568945BD76 /* Pods_TextureVOUITests.framework in Frameworks */,
			);
			runOnlyForDeploymentPostprocessing = 0;
		};
		E5E1484A26EF12F200056475 /* Frameworks */ = {
			isa = PBXFrameworksBuildPhase;
			buildActionMask = 2147483647;
			files = (
				23FF8AEB7D36FEDAEE26529D /* Pods_TextureVOUI_TextureVOUIUITests.framework in Frameworks */,
			);
			runOnlyForDeploymentPostprocessing = 0;
		};
/* End PBXFrameworksBuildPhase section */

/* Begin PBXGroup section */
		55DB64A453CF95547D01E679 /* Frameworks */ = {
			isa = PBXGroup;
			children = (
				C757464E59701BD85B5E9162 /* Pods_TextureVOUI.framework */,
				0FFC37D9B6963553F1467625 /* Pods_TextureVOUI_TextureVOUIUITests.framework */,
				6E01831D4EB9F64D525C9C53 /* Pods_TextureVOUITests.framework */,
			);
			name = Frameworks;
			sourceTree = "<group>";
		};
		BF718DD8AB0417D75F62F0D5 /* Pods */ = {
			isa = PBXGroup;
			children = (
				90ACBB9AB6AC129260717D47 /* Pods-TextureVOUI.debug.xcconfig */,
				AC20AACD88606D99EEB1904B /* Pods-TextureVOUI.release.xcconfig */,
				EB5E3E9C783E12C97D991B84 /* Pods-TextureVOUI-TextureVOUIUITests.debug.xcconfig */,
				DB87281356DA3F88892A7693 /* Pods-TextureVOUI-TextureVOUIUITests.release.xcconfig */,
				797B6ED780A0AD5400238063 /* Pods-TextureVOUITests.debug.xcconfig */,
				98A1B4C62DA3CA0DE17D25FB /* Pods-TextureVOUITests.release.xcconfig */,
			);
			path = Pods;
			sourceTree = "<group>";
		};
		E5E1482326EF12F000056475 = {
			isa = PBXGroup;
			children = (
				E5E1482E26EF12F000056475 /* TextureVOUI */,
				E5E1484526EF12F200056475 /* TextureVOUITests */,
				E5E1485026EF12F200056475 /* TextureVOUIUITests */,
				E5E1482D26EF12F000056475 /* Products */,
				BF718DD8AB0417D75F62F0D5 /* Pods */,
				55DB64A453CF95547D01E679 /* Frameworks */,
			);
			sourceTree = "<group>";
		};
		E5E1482D26EF12F000056475 /* Products */ = {
			isa = PBXGroup;
			children = (
				E5E1482C26EF12F000056475 /* TextureVOUI.app */,
				E5E1484226EF12F200056475 /* TextureVOUITests.xctest */,
				E5E1484D26EF12F200056475 /* TextureVOUIUITests.xctest */,
			);
			name = Products;
			sourceTree = "<group>";
		};
		E5E1482E26EF12F000056475 /* TextureVOUI */ = {
			isa = PBXGroup;
			children = (
				E5E1487A26EF2CF300056475 /* SupportingFiles */,
				E5E1483326EF12F000056475 /* RouteVC.swift */,
				E5E1483D26EF12F200056475 /* Info.plist */,
				E5E1487E26EF2D3800056475 /* IsAccessibilityElementVC.swift */,
				E5E1488326EF2E0200056475 /* TooNestedVC.swift */,
				E5E1488826EF2E0C00056475 /* ControlNodeVC.swift */,
			);
			path = TextureVOUI;
			sourceTree = "<group>";
		};
		E5E1484526EF12F200056475 /* TextureVOUITests */ = {
			isa = PBXGroup;
			children = (
				E5E1484626EF12F200056475 /* TextureVOUITests.swift */,
				E5E1484826EF12F200056475 /* Info.plist */,
			);
			path = TextureVOUITests;
			sourceTree = "<group>";
		};
		E5E1485026EF12F200056475 /* TextureVOUIUITests */ = {
			isa = PBXGroup;
			children = (
				E5E1485126EF12F200056475 /* TextureVOUIUITests.swift */,
				E5E1485326EF12F200056475 /* Info.plist */,
			);
			path = TextureVOUIUITests;
			sourceTree = "<group>";
		};
		E5E1487A26EF2CF300056475 /* SupportingFiles */ = {
			isa = PBXGroup;
			children = (
				E5E1482F26EF12F000056475 /* AppDelegate.swift */,
				E5E1483126EF12F000056475 /* SceneDelegate.swift */,
				E5E1483826EF12F200056475 /* Assets.xcassets */,
				E5E1483A26EF12F200056475 /* LaunchScreen.storyboard */,
			);
			path = SupportingFiles;
			sourceTree = "<group>";
		};
/* End PBXGroup section */

/* Begin PBXNativeTarget section */
		E5E1482B26EF12F000056475 /* TextureVOUI */ = {
			isa = PBXNativeTarget;
			buildConfigurationList = E5E1485626EF12F200056475 /* Build configuration list for PBXNativeTarget "TextureVOUI" */;
			buildPhases = (
				1AE52ABE1AE0A04DF1D97E6F /* [CP] Check Pods Manifest.lock */,
				E5E1482826EF12F000056475 /* Sources */,
				E5E1482926EF12F000056475 /* Frameworks */,
				E5E1482A26EF12F000056475 /* Resources */,
				6AD747AA39551BB1A743518D /* [CP] Embed Pods Frameworks */,
			);
			buildRules = (
			);
			dependencies = (
			);
			name = TextureVOUI;
			productName = TextureVOUI;
			productReference = E5E1482C26EF12F000056475 /* TextureVOUI.app */;
			productType = "com.apple.product-type.application";
		};
		E5E1484126EF12F200056475 /* TextureVOUITests */ = {
			isa = PBXNativeTarget;
			buildConfigurationList = E5E1485926EF12F200056475 /* Build configuration list for PBXNativeTarget "TextureVOUITests" */;
			buildPhases = (
				25E913667D88158B48580D41 /* [CP] Check Pods Manifest.lock */,
				E5E1483E26EF12F200056475 /* Sources */,
				E5E1483F26EF12F200056475 /* Frameworks */,
				E5E1484026EF12F200056475 /* Resources */,
			);
			buildRules = (
			);
			dependencies = (
				E5E1484426EF12F200056475 /* PBXTargetDependency */,
			);
			name = TextureVOUITests;
			productName = TextureVOUITests;
			productReference = E5E1484226EF12F200056475 /* TextureVOUITests.xctest */;
			productType = "com.apple.product-type.bundle.unit-test";
		};
		E5E1484C26EF12F200056475 /* TextureVOUIUITests */ = {
			isa = PBXNativeTarget;
			buildConfigurationList = E5E1485C26EF12F200056475 /* Build configuration list for PBXNativeTarget "TextureVOUIUITests" */;
			buildPhases = (
				8B020825ADEADFA64C792FB1 /* [CP] Check Pods Manifest.lock */,
				E5E1484926EF12F200056475 /* Sources */,
				E5E1484A26EF12F200056475 /* Frameworks */,
				E5E1484B26EF12F200056475 /* Resources */,
				C185E97AA9191B1751F99A8A /* [CP] Embed Pods Frameworks */,
			);
			buildRules = (
			);
			dependencies = (
				E5E1484F26EF12F200056475 /* PBXTargetDependency */,
			);
			name = TextureVOUIUITests;
			productName = TextureVOUIUITests;
			productReference = E5E1484D26EF12F200056475 /* TextureVOUIUITests.xctest */;
			productType = "com.apple.product-type.bundle.ui-testing";
		};
/* End PBXNativeTarget section */

/* Begin PBXProject section */
		E5E1482426EF12F000056475 /* Project object */ = {
			isa = PBXProject;
			attributes = {
				LastSwiftUpdateCheck = 1240;
				LastUpgradeCheck = 1240;
				TargetAttributes = {
					E5E1482B26EF12F000056475 = {
						CreatedOnToolsVersion = 12.4;
					};
					E5E1484126EF12F200056475 = {
						CreatedOnToolsVersion = 12.4;
						TestTargetID = E5E1482B26EF12F000056475;
					};
					E5E1484C26EF12F200056475 = {
						CreatedOnToolsVersion = 12.4;
						TestTargetID = E5E1482B26EF12F000056475;
					};
				};
			};
			buildConfigurationList = E5E1482726EF12F000056475 /* Build configuration list for PBXProject "TextureVOUI" */;
			compatibilityVersion = "Xcode 9.3";
			developmentRegion = en;
			hasScannedForEncodings = 0;
			knownRegions = (
				en,
				Base,
			);
			mainGroup = E5E1482326EF12F000056475;
			productRefGroup = E5E1482D26EF12F000056475 /* Products */;
			projectDirPath = "";
			projectRoot = "";
			targets = (
				E5E1482B26EF12F000056475 /* TextureVOUI */,
				E5E1484126EF12F200056475 /* TextureVOUITests */,
				E5E1484C26EF12F200056475 /* TextureVOUIUITests */,
			);
		};
/* End PBXProject section */

/* Begin PBXResourcesBuildPhase section */
		E5E1482A26EF12F000056475 /* Resources */ = {
			isa = PBXResourcesBuildPhase;
			buildActionMask = 2147483647;
			files = (
				E5E1483C26EF12F200056475 /* LaunchScreen.storyboard in Resources */,
				E5E1483926EF12F200056475 /* Assets.xcassets in Resources */,
			);
			runOnlyForDeploymentPostprocessing = 0;
		};
		E5E1484026EF12F200056475 /* Resources */ = {
			isa = PBXResourcesBuildPhase;
			buildActionMask = 2147483647;
			files = (
			);
			runOnlyForDeploymentPostprocessing = 0;
		};
		E5E1484B26EF12F200056475 /* Resources */ = {
			isa = PBXResourcesBuildPhase;
			buildActionMask = 2147483647;
			files = (
			);
			runOnlyForDeploymentPostprocessing = 0;
		};
/* End PBXResourcesBuildPhase section */

/* Begin PBXShellScriptBuildPhase section */
		1AE52ABE1AE0A04DF1D97E6F /* [CP] Check Pods Manifest.lock */ = {
			isa = PBXShellScriptBuildPhase;
			buildActionMask = 2147483647;
			files = (
			);
			inputFileListPaths = (
			);
			inputPaths = (
				"${PODS_PODFILE_DIR_PATH}/Podfile.lock",
				"${PODS_ROOT}/Manifest.lock",
			);
			name = "[CP] Check Pods Manifest.lock";
			outputFileListPaths = (
			);
			outputPaths = (
				"$(DERIVED_FILE_DIR)/Pods-TextureVOUI-checkManifestLockResult.txt",
			);
			runOnlyForDeploymentPostprocessing = 0;
			shellPath = /bin/sh;
			shellScript = "diff \"${PODS_PODFILE_DIR_PATH}/Podfile.lock\" \"${PODS_ROOT}/Manifest.lock\" > /dev/null\nif [ $? != 0 ] ; then\n    # print error to STDERR\n    echo \"error: The sandbox is not in sync with the Podfile.lock. Run 'pod install' or update your CocoaPods installation.\" >&2\n    exit 1\nfi\n# This output is used by Xcode 'outputs' to avoid re-running this script phase.\necho \"SUCCESS\" > \"${SCRIPT_OUTPUT_FILE_0}\"\n";
			showEnvVarsInLog = 0;
		};
		25E913667D88158B48580D41 /* [CP] Check Pods Manifest.lock */ = {
			isa = PBXShellScriptBuildPhase;
			buildActionMask = 2147483647;
			files = (
			);
			inputFileListPaths = (
			);
			inputPaths = (
				"${PODS_PODFILE_DIR_PATH}/Podfile.lock",
				"${PODS_ROOT}/Manifest.lock",
			);
			name = "[CP] Check Pods Manifest.lock";
			outputFileListPaths = (
			);
			outputPaths = (
				"$(DERIVED_FILE_DIR)/Pods-TextureVOUITests-checkManifestLockResult.txt",
			);
			runOnlyForDeploymentPostprocessing = 0;
			shellPath = /bin/sh;
			shellScript = "diff \"${PODS_PODFILE_DIR_PATH}/Podfile.lock\" \"${PODS_ROOT}/Manifest.lock\" > /dev/null\nif [ $? != 0 ] ; then\n    # print error to STDERR\n    echo \"error: The sandbox is not in sync with the Podfile.lock. Run 'pod install' or update your CocoaPods installation.\" >&2\n    exit 1\nfi\n# This output is used by Xcode 'outputs' to avoid re-running this script phase.\necho \"SUCCESS\" > \"${SCRIPT_OUTPUT_FILE_0}\"\n";
			showEnvVarsInLog = 0;
		};
		6AD747AA39551BB1A743518D /* [CP] Embed Pods Frameworks */ = {
			isa = PBXShellScriptBuildPhase;
			buildActionMask = 2147483647;
			files = (
			);
			inputFileListPaths = (
				"${PODS_ROOT}/Target Support Files/Pods-TextureVOUI/Pods-TextureVOUI-frameworks-${CONFIGURATION}-input-files.xcfilelist",
			);
			name = "[CP] Embed Pods Frameworks";
			outputFileListPaths = (
				"${PODS_ROOT}/Target Support Files/Pods-TextureVOUI/Pods-TextureVOUI-frameworks-${CONFIGURATION}-output-files.xcfilelist",
			);
			runOnlyForDeploymentPostprocessing = 0;
			shellPath = /bin/sh;
			shellScript = "\"${PODS_ROOT}/Target Support Files/Pods-TextureVOUI/Pods-TextureVOUI-frameworks.sh\"\n";
			showEnvVarsInLog = 0;
		};
		8B020825ADEADFA64C792FB1 /* [CP] Check Pods Manifest.lock */ = {
			isa = PBXShellScriptBuildPhase;
			buildActionMask = 2147483647;
			files = (
			);
			inputFileListPaths = (
			);
			inputPaths = (
				"${PODS_PODFILE_DIR_PATH}/Podfile.lock",
				"${PODS_ROOT}/Manifest.lock",
			);
			name = "[CP] Check Pods Manifest.lock";
			outputFileListPaths = (
			);
			outputPaths = (
				"$(DERIVED_FILE_DIR)/Pods-TextureVOUI-TextureVOUIUITests-checkManifestLockResult.txt",
			);
			runOnlyForDeploymentPostprocessing = 0;
			shellPath = /bin/sh;
			shellScript = "diff \"${PODS_PODFILE_DIR_PATH}/Podfile.lock\" \"${PODS_ROOT}/Manifest.lock\" > /dev/null\nif [ $? != 0 ] ; then\n    # print error to STDERR\n    echo \"error: The sandbox is not in sync with the Podfile.lock. Run 'pod install' or update your CocoaPods installation.\" >&2\n    exit 1\nfi\n# This output is used by Xcode 'outputs' to avoid re-running this script phase.\necho \"SUCCESS\" > \"${SCRIPT_OUTPUT_FILE_0}\"\n";
			showEnvVarsInLog = 0;
		};
		C185E97AA9191B1751F99A8A /* [CP] Embed Pods Frameworks */ = {
			isa = PBXShellScriptBuildPhase;
			buildActionMask = 2147483647;
			files = (
			);
			inputFileListPaths = (
				"${PODS_ROOT}/Target Support Files/Pods-TextureVOUI-TextureVOUIUITests/Pods-TextureVOUI-TextureVOUIUITests-frameworks-${CONFIGURATION}-input-files.xcfilelist",
			);
			name = "[CP] Embed Pods Frameworks";
			outputFileListPaths = (
				"${PODS_ROOT}/Target Support Files/Pods-TextureVOUI-TextureVOUIUITests/Pods-TextureVOUI-TextureVOUIUITests-frameworks-${CONFIGURATION}-output-files.xcfilelist",
			);
			runOnlyForDeploymentPostprocessing = 0;
			shellPath = /bin/sh;
			shellScript = "\"${PODS_ROOT}/Target Support Files/Pods-TextureVOUI-TextureVOUIUITests/Pods-TextureVOUI-TextureVOUIUITests-frameworks.sh\"\n";
			showEnvVarsInLog = 0;
		};
/* End PBXShellScriptBuildPhase section */

/* Begin PBXSourcesBuildPhase section */
		E5E1482826EF12F000056475 /* Sources */ = {
			isa = PBXSourcesBuildPhase;
			buildActionMask = 2147483647;
			files = (
				E5E1487F26EF2D3800056475 /* IsAccessibilityElementVC.swift in Sources */,
				E5E1488426EF2E0200056475 /* TooNestedVC.swift in Sources */,
				E5E1483426EF12F000056475 /* RouteVC.swift in Sources */,
				E5E1483026EF12F000056475 /* AppDelegate.swift in Sources */,
				E5E1488926EF2E0C00056475 /* ControlNodeVC.swift in Sources */,
				E5E1483226EF12F000056475 /* SceneDelegate.swift in Sources */,
			);
			runOnlyForDeploymentPostprocessing = 0;
		};
		E5E1483E26EF12F200056475 /* Sources */ = {
			isa = PBXSourcesBuildPhase;
			buildActionMask = 2147483647;
			files = (
				E5E1484726EF12F200056475 /* TextureVOUITests.swift in Sources */,
			);
			runOnlyForDeploymentPostprocessing = 0;
		};
		E5E1484926EF12F200056475 /* Sources */ = {
			isa = PBXSourcesBuildPhase;
			buildActionMask = 2147483647;
			files = (
				E5E1485226EF12F200056475 /* TextureVOUIUITests.swift in Sources */,
			);
			runOnlyForDeploymentPostprocessing = 0;
		};
/* End PBXSourcesBuildPhase section */

/* Begin PBXTargetDependency section */
		E5E1484426EF12F200056475 /* PBXTargetDependency */ = {
			isa = PBXTargetDependency;
			target = E5E1482B26EF12F000056475 /* TextureVOUI */;
			targetProxy = E5E1484326EF12F200056475 /* PBXContainerItemProxy */;
		};
		E5E1484F26EF12F200056475 /* PBXTargetDependency */ = {
			isa = PBXTargetDependency;
			target = E5E1482B26EF12F000056475 /* TextureVOUI */;
			targetProxy = E5E1484E26EF12F200056475 /* PBXContainerItemProxy */;
		};
/* End PBXTargetDependency section */

/* Begin PBXVariantGroup section */
		E5E1483A26EF12F200056475 /* LaunchScreen.storyboard */ = {
			isa = PBXVariantGroup;
			children = (
				E5E1483B26EF12F200056475 /* Base */,
			);
			name = LaunchScreen.storyboard;
			sourceTree = "<group>";
		};
/* End PBXVariantGroup section */

/* Begin XCBuildConfiguration section */
		E5E1485426EF12F200056475 /* Debug */ = {
			isa = XCBuildConfiguration;
			buildSettings = {
				ALWAYS_SEARCH_USER_PATHS = NO;
				CLANG_ANALYZER_NONNULL = YES;
				CLANG_ANALYZER_NUMBER_OBJECT_CONVERSION = YES_AGGRESSIVE;
				CLANG_CXX_LANGUAGE_STANDARD = "gnu++14";
				CLANG_CXX_LIBRARY = "libc++";
				CLANG_ENABLE_MODULES = YES;
				CLANG_ENABLE_OBJC_ARC = YES;
				CLANG_ENABLE_OBJC_WEAK = YES;
				CLANG_WARN_BLOCK_CAPTURE_AUTORELEASING = YES;
				CLANG_WARN_BOOL_CONVERSION = YES;
				CLANG_WARN_COMMA = YES;
				CLANG_WARN_CONSTANT_CONVERSION = YES;
				CLANG_WARN_DEPRECATED_OBJC_IMPLEMENTATIONS = YES;
				CLANG_WARN_DIRECT_OBJC_ISA_USAGE = YES_ERROR;
				CLANG_WARN_DOCUMENTATION_COMMENTS = YES;
				CLANG_WARN_EMPTY_BODY = YES;
				CLANG_WARN_ENUM_CONVERSION = YES;
				CLANG_WARN_INFINITE_RECURSION = YES;
				CLANG_WARN_INT_CONVERSION = YES;
				CLANG_WARN_NON_LITERAL_NULL_CONVERSION = YES;
				CLANG_WARN_OBJC_IMPLICIT_RETAIN_SELF = YES;
				CLANG_WARN_OBJC_LITERAL_CONVERSION = YES;
				CLANG_WARN_OBJC_ROOT_CLASS = YES_ERROR;
				CLANG_WARN_QUOTED_INCLUDE_IN_FRAMEWORK_HEADER = YES;
				CLANG_WARN_RANGE_LOOP_ANALYSIS = YES;
				CLANG_WARN_STRICT_PROTOTYPES = YES;
				CLANG_WARN_SUSPICIOUS_MOVE = YES;
				CLANG_WARN_UNGUARDED_AVAILABILITY = YES_AGGRESSIVE;
				CLANG_WARN_UNREACHABLE_CODE = YES;
				CLANG_WARN__DUPLICATE_METHOD_MATCH = YES;
				COPY_PHASE_STRIP = NO;
				DEBUG_INFORMATION_FORMAT = dwarf;
				ENABLE_STRICT_OBJC_MSGSEND = YES;
				ENABLE_TESTABILITY = YES;
				GCC_C_LANGUAGE_STANDARD = gnu11;
				GCC_DYNAMIC_NO_PIC = NO;
				GCC_NO_COMMON_BLOCKS = YES;
				GCC_OPTIMIZATION_LEVEL = 0;
				GCC_PREPROCESSOR_DEFINITIONS = (
					"DEBUG=1",
					"$(inherited)",
				);
				GCC_WARN_64_TO_32_BIT_CONVERSION = YES;
				GCC_WARN_ABOUT_RETURN_TYPE = YES_ERROR;
				GCC_WARN_UNDECLARED_SELECTOR = YES;
				GCC_WARN_UNINITIALIZED_AUTOS = YES_AGGRESSIVE;
				GCC_WARN_UNUSED_FUNCTION = YES;
				GCC_WARN_UNUSED_VARIABLE = YES;
				IPHONEOS_DEPLOYMENT_TARGET = 14.4;
				MTL_ENABLE_DEBUG_INFO = INCLUDE_SOURCE;
				MTL_FAST_MATH = YES;
				ONLY_ACTIVE_ARCH = YES;
				SDKROOT = iphoneos;
				SWIFT_ACTIVE_COMPILATION_CONDITIONS = DEBUG;
				SWIFT_OPTIMIZATION_LEVEL = "-Onone";
			};
			name = Debug;
		};
		E5E1485526EF12F200056475 /* Release */ = {
			isa = XCBuildConfiguration;
			buildSettings = {
				ALWAYS_SEARCH_USER_PATHS = NO;
				CLANG_ANALYZER_NONNULL = YES;
				CLANG_ANALYZER_NUMBER_OBJECT_CONVERSION = YES_AGGRESSIVE;
				CLANG_CXX_LANGUAGE_STANDARD = "gnu++14";
				CLANG_CXX_LIBRARY = "libc++";
				CLANG_ENABLE_MODULES = YES;
				CLANG_ENABLE_OBJC_ARC = YES;
				CLANG_ENABLE_OBJC_WEAK = YES;
				CLANG_WARN_BLOCK_CAPTURE_AUTORELEASING = YES;
				CLANG_WARN_BOOL_CONVERSION = YES;
				CLANG_WARN_COMMA = YES;
				CLANG_WARN_CONSTANT_CONVERSION = YES;
				CLANG_WARN_DEPRECATED_OBJC_IMPLEMENTATIONS = YES;
				CLANG_WARN_DIRECT_OBJC_ISA_USAGE = YES_ERROR;
				CLANG_WARN_DOCUMENTATION_COMMENTS = YES;
				CLANG_WARN_EMPTY_BODY = YES;
				CLANG_WARN_ENUM_CONVERSION = YES;
				CLANG_WARN_INFINITE_RECURSION = YES;
				CLANG_WARN_INT_CONVERSION = YES;
				CLANG_WARN_NON_LITERAL_NULL_CONVERSION = YES;
				CLANG_WARN_OBJC_IMPLICIT_RETAIN_SELF = YES;
				CLANG_WARN_OBJC_LITERAL_CONVERSION = YES;
				CLANG_WARN_OBJC_ROOT_CLASS = YES_ERROR;
				CLANG_WARN_QUOTED_INCLUDE_IN_FRAMEWORK_HEADER = YES;
				CLANG_WARN_RANGE_LOOP_ANALYSIS = YES;
				CLANG_WARN_STRICT_PROTOTYPES = YES;
				CLANG_WARN_SUSPICIOUS_MOVE = YES;
				CLANG_WARN_UNGUARDED_AVAILABILITY = YES_AGGRESSIVE;
				CLANG_WARN_UNREACHABLE_CODE = YES;
				CLANG_WARN__DUPLICATE_METHOD_MATCH = YES;
				COPY_PHASE_STRIP = NO;
				DEBUG_INFORMATION_FORMAT = "dwarf-with-dsym";
				ENABLE_NS_ASSERTIONS = NO;
				ENABLE_STRICT_OBJC_MSGSEND = YES;
				GCC_C_LANGUAGE_STANDARD = gnu11;
				GCC_NO_COMMON_BLOCKS = YES;
				GCC_WARN_64_TO_32_BIT_CONVERSION = YES;
				GCC_WARN_ABOUT_RETURN_TYPE = YES_ERROR;
				GCC_WARN_UNDECLARED_SELECTOR = YES;
				GCC_WARN_UNINITIALIZED_AUTOS = YES_AGGRESSIVE;
				GCC_WARN_UNUSED_FUNCTION = YES;
				GCC_WARN_UNUSED_VARIABLE = YES;
				IPHONEOS_DEPLOYMENT_TARGET = 14.4;
				MTL_ENABLE_DEBUG_INFO = NO;
				MTL_FAST_MATH = YES;
				SDKROOT = iphoneos;
				SWIFT_COMPILATION_MODE = wholemodule;
				SWIFT_OPTIMIZATION_LEVEL = "-O";
				VALIDATE_PRODUCT = YES;
			};
			name = Release;
		};
		E5E1485726EF12F200056475 /* Debug */ = {
			isa = XCBuildConfiguration;
			baseConfigurationReference = 90ACBB9AB6AC129260717D47 /* Pods-TextureVOUI.debug.xcconfig */;
			buildSettings = {
				ASSETCATALOG_COMPILER_APPICON_NAME = AppIcon;
				ASSETCATALOG_COMPILER_GLOBAL_ACCENT_COLOR_NAME = AccentColor;
				CODE_SIGN_STYLE = Automatic;
				DEVELOPMENT_TEAM = 88NY5L7L59;
				INFOPLIST_FILE = TextureVOUI/Info.plist;
				IPHONEOS_DEPLOYMENT_TARGET = 13.0;
				LD_RUNPATH_SEARCH_PATHS = (
					"$(inherited)",
					"@executable_path/Frameworks",
				);
				PRODUCT_BUNDLE_IDENTIFIER = com.jeffersonsetiawan.TextureVOUI;
				PRODUCT_NAME = "$(TARGET_NAME)";
				SWIFT_VERSION = 5.0;
				TARGETED_DEVICE_FAMILY = "1,2";
			};
			name = Debug;
		};
		E5E1485826EF12F200056475 /* Release */ = {
			isa = XCBuildConfiguration;
			baseConfigurationReference = AC20AACD88606D99EEB1904B /* Pods-TextureVOUI.release.xcconfig */;
			buildSettings = {
				ASSETCATALOG_COMPILER_APPICON_NAME = AppIcon;
				ASSETCATALOG_COMPILER_GLOBAL_ACCENT_COLOR_NAME = AccentColor;
				CODE_SIGN_STYLE = Automatic;
				DEVELOPMENT_TEAM = 88NY5L7L59;
				INFOPLIST_FILE = TextureVOUI/Info.plist;
				IPHONEOS_DEPLOYMENT_TARGET = 13.0;
				LD_RUNPATH_SEARCH_PATHS = (
					"$(inherited)",
					"@executable_path/Frameworks",
				);
				PRODUCT_BUNDLE_IDENTIFIER = com.jeffersonsetiawan.TextureVOUI;
				PRODUCT_NAME = "$(TARGET_NAME)";
				SWIFT_VERSION = 5.0;
				TARGETED_DEVICE_FAMILY = "1,2";
			};
			name = Release;
		};
		E5E1485A26EF12F200056475 /* Debug */ = {
			isa = XCBuildConfiguration;
			baseConfigurationReference = 797B6ED780A0AD5400238063 /* Pods-TextureVOUITests.debug.xcconfig */;
			buildSettings = {
				ALWAYS_EMBED_SWIFT_STANDARD_LIBRARIES = YES;
				BUNDLE_LOADER = "$(TEST_HOST)";
				CODE_SIGN_STYLE = Automatic;
				DEVELOPMENT_TEAM = 88NY5L7L59;
				INFOPLIST_FILE = TextureVOUITests/Info.plist;
				IPHONEOS_DEPLOYMENT_TARGET = 14.4;
				LD_RUNPATH_SEARCH_PATHS = (
					"$(inherited)",
					"@executable_path/Frameworks",
					"@loader_path/Frameworks",
				);
				PRODUCT_BUNDLE_IDENTIFIER = com.jeffersonsetiawan.TextureVOUITests;
				PRODUCT_NAME = "$(TARGET_NAME)";
				SWIFT_VERSION = 5.0;
				TARGETED_DEVICE_FAMILY = "1,2";
				TEST_HOST = "$(BUILT_PRODUCTS_DIR)/TextureVOUI.app/TextureVOUI";
			};
			name = Debug;
		};
		E5E1485B26EF12F200056475 /* Release */ = {
			isa = XCBuildConfiguration;
			baseConfigurationReference = 98A1B4C62DA3CA0DE17D25FB /* Pods-TextureVOUITests.release.xcconfig */;
			buildSettings = {
				ALWAYS_EMBED_SWIFT_STANDARD_LIBRARIES = YES;
				BUNDLE_LOADER = "$(TEST_HOST)";
				CODE_SIGN_STYLE = Automatic;
				DEVELOPMENT_TEAM = 88NY5L7L59;
				INFOPLIST_FILE = TextureVOUITests/Info.plist;
				IPHONEOS_DEPLOYMENT_TARGET = 14.4;
				LD_RUNPATH_SEARCH_PATHS = (
					"$(inherited)",
					"@executable_path/Frameworks",
					"@loader_path/Frameworks",
				);
				PRODUCT_BUNDLE_IDENTIFIER = com.jeffersonsetiawan.TextureVOUITests;
				PRODUCT_NAME = "$(TARGET_NAME)";
				SWIFT_VERSION = 5.0;
				TARGETED_DEVICE_FAMILY = "1,2";
				TEST_HOST = "$(BUILT_PRODUCTS_DIR)/TextureVOUI.app/TextureVOUI";
			};
			name = Release;
		};
		E5E1485D26EF12F200056475 /* Debug */ = {
			isa = XCBuildConfiguration;
			baseConfigurationReference = EB5E3E9C783E12C97D991B84 /* Pods-TextureVOUI-TextureVOUIUITests.debug.xcconfig */;
			buildSettings = {
				ALWAYS_EMBED_SWIFT_STANDARD_LIBRARIES = YES;
				CODE_SIGN_STYLE = Automatic;
				DEVELOPMENT_TEAM = 88NY5L7L59;
				INFOPLIST_FILE = TextureVOUIUITests/Info.plist;
				LD_RUNPATH_SEARCH_PATHS = (
					"$(inherited)",
					"@executable_path/Frameworks",
					"@loader_path/Frameworks",
				);
				PRODUCT_BUNDLE_IDENTIFIER = com.jeffersonsetiawan.TextureVOUIUITests;
				PRODUCT_NAME = "$(TARGET_NAME)";
				SWIFT_VERSION = 5.0;
				TARGETED_DEVICE_FAMILY = "1,2";
				TEST_TARGET_NAME = TextureVOUI;
			};
			name = Debug;
		};
		E5E1485E26EF12F200056475 /* Release */ = {
			isa = XCBuildConfiguration;
			baseConfigurationReference = DB87281356DA3F88892A7693 /* Pods-TextureVOUI-TextureVOUIUITests.release.xcconfig */;
			buildSettings = {
				ALWAYS_EMBED_SWIFT_STANDARD_LIBRARIES = YES;
				CODE_SIGN_STYLE = Automatic;
				DEVELOPMENT_TEAM = 88NY5L7L59;
				INFOPLIST_FILE = TextureVOUIUITests/Info.plist;
				LD_RUNPATH_SEARCH_PATHS = (
					"$(inherited)",
					"@executable_path/Frameworks",
					"@loader_path/Frameworks",
				);
				PRODUCT_BUNDLE_IDENTIFIER = com.jeffersonsetiawan.TextureVOUIUITests;
				PRODUCT_NAME = "$(TARGET_NAME)";
				SWIFT_VERSION = 5.0;
				TARGETED_DEVICE_FAMILY = "1,2";
				TEST_TARGET_NAME = TextureVOUI;
			};
			name = Release;
		};
/* End XCBuildConfiguration section */

/* Begin XCConfigurationList section */
		E5E1482726EF12F000056475 /* Build configuration list for PBXProject "TextureVOUI" */ = {
			isa = XCConfigurationList;
			buildConfigurations = (
				E5E1485426EF12F200056475 /* Debug */,
				E5E1485526EF12F200056475 /* Release */,
			);
			defaultConfigurationIsVisible = 0;
			defaultConfigurationName = Release;
		};
		E5E1485626EF12F200056475 /* Build configuration list for PBXNativeTarget "TextureVOUI" */ = {
			isa = XCConfigurationList;
			buildConfigurations = (
				E5E1485726EF12F200056475 /* Debug */,
				E5E1485826EF12F200056475 /* Release */,
			);
			defaultConfigurationIsVisible = 0;
			defaultConfigurationName = Release;
		};
		E5E1485926EF12F200056475 /* Build configuration list for PBXNativeTarget "TextureVOUITests" */ = {
			isa = XCConfigurationList;
			buildConfigurations = (
				E5E1485A26EF12F200056475 /* Debug */,
				E5E1485B26EF12F200056475 /* Release */,
			);
			defaultConfigurationIsVisible = 0;
			defaultConfigurationName = Release;
		};
		E5E1485C26EF12F200056475 /* Build configuration list for PBXNativeTarget "TextureVOUIUITests" */ = {
			isa = XCConfigurationList;
			buildConfigurations = (
				E5E1485D26EF12F200056475 /* Debug */,
				E5E1485E26EF12F200056475 /* Release */,
			);
			defaultConfigurationIsVisible = 0;
			defaultConfigurationName = Release;
		};
/* End XCConfigurationList section */
	};
	rootObject = E5E1482426EF12F000056475 /* Project object */;
}
