PODS:
  - FLEX (5.22.10)
  - IGListDiffKit (4.0.0)
  - IGListKit (4.0.0):
    - IGListDiffKit (= 4.0.0)
  - Texture/Core (3.1.0)
  - Texture/IGListKit (3.1.0):
    - IGListDiffKit (~> 4.0)
    - IGListKit (~> 4.0)
    - Texture/Core

DEPENDENCIES:
  - FLEX (= 5.22.10)
  - "Texture/IGListKit (from `git@github.com:jeffersonsetiawan/Texture.git`, commit `07c3b1505ec34924ee21bea8f32e7c6a9e801bb2`)"

SPEC REPOS:
  trunk:
    - FLEX
    - IGListDiffKit
    - IGListKit

EXTERNAL SOURCES:
  Texture:
    :commit: 07c3b1505ec34924ee21bea8f32e7c6a9e801bb2
    :git: "git@github.com:jeffersonsetiawan/Texture.git"

CHECKOUT OPTIONS:
  Texture:
    :commit: 07c3b1505ec34924ee21bea8f32e7c6a9e801bb2
    :git: "git@github.com:jeffersonsetiawan/Texture.git"

SPEC CHECKSUMS:
  FLEX: f21ee4f498eed3f8a1eded66b21939fd3b7a22ce
  IGListDiffKit: 665d6cf43ce726e676013db9c7d6c4294259b6b2
  IGListKit: fd5a5d21935298f5849fa49d426843cff97b77c7
  Texture: 54a6a5a05644d9c2c8b81afa24db655a8d7f55f3

PODFILE CHECKSUM: 5a895c4cd5654791a685ec0ae99ad9c25b151d4b

COCOAPODS: 1.12.1
